// !$*UTF8*$!
{
	archiveVersion = 1;
	classes = {
	};
	objectVersion = 56;
	objects = {

/* Begin PBXBuildFile section */
		340BB394299355BE00B336AA /* PickLotteryApp.swift in Sources */ = {isa = PBXBuildFile; fileRef = 340BB393299355BE00B336AA /* PickLotteryApp.swift */; };
		340BB398299355BF00B336AA /* Assets.xcassets in Resources */ = {isa = PBXBuildFile; fileRef = 340BB397299355BF00B336AA /* Assets.xcassets */; };
		340BB39B299355BF00B336AA /* Preview Assets.xcassets in Resources */ = {isa = PBXBuildFile; fileRef = 340BB39A299355BF00B336AA /* Preview Assets.xcassets */; };
		340BB3AA299355C000B336AA /* CreateLotteryViewModelTests.swift in Sources */ = {isa = PBXBuildFile; fileRef = 340BB3A9299355C000B336AA /* CreateLotteryViewModelTests.swift */; };
		340BB3B4299355C000B336AA /* PickLotteryUITests.swift in Sources */ = {isa = PBXBuildFile; fileRef = 340BB3B3299355C000B336AA /* PickLotteryUITests.swift */; };
		340BB3B6299355C000B336AA /* PickLotteryUITestsLaunchTests.swift in Sources */ = {isa = PBXBuildFile; fileRef = 340BB3B5299355C000B336AA /* PickLotteryUITestsLaunchTests.swift */; };
		34218A772A60FCB100CECADE /* JSONLoader.swift in Sources */ = {isa = PBXBuildFile; fileRef = 34218A762A60FCB100CECADE /* JSONLoader.swift */; };
		34218A792A60FD0500CECADE /* lotterySuggestions.json in Resources */ = {isa = PBXBuildFile; fileRef = 34218A782A60FD0500CECADE /* lotterySuggestions.json */; };
		34218A7B2A6106B600CECADE /* LotterySuggestion.swift in Sources */ = {isa = PBXBuildFile; fileRef = 34218A7A2A6106B600CECADE /* LotterySuggestion.swift */; };
		34240EB12A797DA000045260 /* pick-92276.mp3 in Resources */ = {isa = PBXBuildFile; fileRef = 34240EB02A797DA000045260 /* pick-92276.mp3 */; };
		342AD27F2A70CB8500C83544 /* LotteryDetailViewModelTests.swift in Sources */ = {isa = PBXBuildFile; fileRef = 342AD27E2A70CB8500C83544 /* LotteryDetailViewModelTests.swift */; };
		343D2CA229A05407006ECD38 /* LotteryListView.swift in Sources */ = {isa = PBXBuildFile; fileRef = 343D2CA129A05407006ECD38 /* LotteryListView.swift */; };
		343D2CA429A05479006ECD38 /* Lottery.swift in Sources */ = {isa = PBXBuildFile; fileRef = 343D2CA329A05479006ECD38 /* Lottery.swift */; };
		343D2CA629A056DE006ECD38 /* LotteryCellView.swift in Sources */ = {isa = PBXBuildFile; fileRef = 343D2CA529A056DE006ECD38 /* LotteryCellView.swift */; };
		3460F9DF29C2A28D00A40BD6 /* Color+Extensions.swift in Sources */ = {isa = PBXBuildFile; fileRef = 3460F9DE29C2A28D00A40BD6 /* Color+Extensions.swift */; };
		3462932B29D6641300471C7A /* CreateEntryView.swift in Sources */ = {isa = PBXBuildFile; fileRef = 3462932A29D6641300471C7A /* CreateEntryView.swift */; };
		3462932D29D664FA00471C7A /* CreateEntryViewModel.swift in Sources */ = {isa = PBXBuildFile; fileRef = 3462932C29D664FA00471C7A /* CreateEntryViewModel.swift */; };
		3462932F29D6658600471C7A /* RaffleAnimationView.swift in Sources */ = {isa = PBXBuildFile; fileRef = 3462932E29D6658600471C7A /* RaffleAnimationView.swift */; };
		346C37D0299F0F2F000F993C /* LotteryEntriesView.swift in Sources */ = {isa = PBXBuildFile; fileRef = 346C37CF299F0F2F000F993C /* LotteryEntriesView.swift */; };
		346C37D2299F0FB2000F993C /* LotteryEntryCell.swift in Sources */ = {isa = PBXBuildFile; fileRef = 346C37D1299F0FB2000F993C /* LotteryEntryCell.swift */; };
		346FF1322A4AAEB2009C921D /* AddLotteryView.swift in Sources */ = {isa = PBXBuildFile; fileRef = 346FF1312A4AAEB2009C921D /* AddLotteryView.swift */; };
		347E753D29CA69A900C30392 /* LotteryDetailViewModel.swift in Sources */ = {isa = PBXBuildFile; fileRef = 347E753C29CA69A900C30392 /* LotteryDetailViewModel.swift */; };
		348EB98C29EB200B0043AFD7 /* LotteryIllustration.swift in Sources */ = {isa = PBXBuildFile; fileRef = 348EB98B29EB200B0043AFD7 /* LotteryIllustration.swift */; };
		348EB98E29EB21200043AFD7 /* CreateLotteryViewModel.swift in Sources */ = {isa = PBXBuildFile; fileRef = 348EB98D29EB21200043AFD7 /* CreateLotteryViewModel.swift */; };
		3496368829A933D600CDEFB3 /* CreateLotteryView.swift in Sources */ = {isa = PBXBuildFile; fileRef = 3496368729A933D600CDEFB3 /* CreateLotteryView.swift */; };
		34A6A1FB29E1DDFA00B9964D /* PrimaryButtonStyle.swift in Sources */ = {isa = PBXBuildFile; fileRef = 34A6A1FA29E1DDFA00B9964D /* PrimaryButtonStyle.swift */; };
		34A6A1FD29E1DFF100B9964D /* PrimaryTextFieldStyle.swift in Sources */ = {isa = PBXBuildFile; fileRef = 34A6A1FC29E1DFF100B9964D /* PrimaryTextFieldStyle.swift */; };
		34C0F0A529BAC475009EBFC8 /* LotteryStore.swift in Sources */ = {isa = PBXBuildFile; fileRef = 34C0F0A429BAC475009EBFC8 /* LotteryStore.swift */; };
		34C0F0A829BAC555009EBFC8 /* LotteryDataModel.xcdatamodeld in Sources */ = {isa = PBXBuildFile; fileRef = 34C0F0A629BAC555009EBFC8 /* LotteryDataModel.xcdatamodeld */; };
		34C62A0A29A822FF003D9B54 /* LotteryDetailView.swift in Sources */ = {isa = PBXBuildFile; fileRef = 34C62A0929A822FF003D9B54 /* LotteryDetailView.swift */; };
		34C62A0C29A827CD003D9B54 /* LotteryResultCellView.swift in Sources */ = {isa = PBXBuildFile; fileRef = 34C62A0B29A827CD003D9B54 /* LotteryResultCellView.swift */; };
		34D182CE29F1F37D00B40E9A /* LotteryEntriesViewModel.swift in Sources */ = {isa = PBXBuildFile; fileRef = 34D182CD29F1F37D00B40E9A /* LotteryEntriesViewModel.swift */; };
		34D967BF29BFE519006D2559 /* LotteryMO.swift in Sources */ = {isa = PBXBuildFile; fileRef = 34D967BD29BFE519006D2559 /* LotteryMO.swift */; };
		34D967C329C018E2006D2559 /* LotteryEntryMO.swift in Sources */ = {isa = PBXBuildFile; fileRef = 34D967C129C018E2006D2559 /* LotteryEntryMO.swift */; };
		34D967C729C01905006D2559 /* LotteryResultMO.swift in Sources */ = {isa = PBXBuildFile; fileRef = 34D967C529C01905006D2559 /* LotteryResultMO.swift */; };
		34E1C13B29EF87AB0033D41E /* LotteryStoreSpy.swift in Sources */ = {isa = PBXBuildFile; fileRef = 34E1C13A29EF87AB0033D41E /* LotteryStoreSpy.swift */; };
		34F45F892A5E474200761903 /* LotterySuggestionsCellView.swift in Sources */ = {isa = PBXBuildFile; fileRef = 34F45F882A5E474200761903 /* LotterySuggestionsCellView.swift */; };
		34F45F8B2A5E4A7800761903 /* AddLotteryViewModel.swift in Sources */ = {isa = PBXBuildFile; fileRef = 34F45F8A2A5E4A7800761903 /* AddLotteryViewModel.swift */; };
		34F9ECC329F0B5250064E331 /* CreateEntryViewModelTests.swift in Sources */ = {isa = PBXBuildFile; fileRef = 34F9ECC229F0B5250064E331 /* CreateEntryViewModelTests.swift */; };
/* End PBXBuildFile section */

/* Begin PBXContainerItemProxy section */
		340BB3A6299355C000B336AA /* PBXContainerItemProxy */ = {
			isa = PBXContainerItemProxy;
			containerPortal = 340BB388299355BE00B336AA /* Project object */;
			proxyType = 1;
			remoteGlobalIDString = 340BB38F299355BE00B336AA;
			remoteInfo = PickLottery;
		};
		340BB3B0299355C000B336AA /* PBXContainerItemProxy */ = {
			isa = PBXContainerItemProxy;
			containerPortal = 340BB388299355BE00B336AA /* Project object */;
			proxyType = 1;
			remoteGlobalIDString = 340BB38F299355BE00B336AA;
			remoteInfo = PickLottery;
		};
/* End PBXContainerItemProxy section */

/* Begin PBXFileReference section */
		340BB390299355BE00B336AA /* PickLottery.app */ = {isa = PBXFileReference; explicitFileType = wrapper.application; includeInIndex = 0; path = PickLottery.app; sourceTree = BUILT_PRODUCTS_DIR; };
		340BB393299355BE00B336AA /* PickLotteryApp.swift */ = {isa = PBXFileReference; lastKnownFileType = sourcecode.swift; path = PickLotteryApp.swift; sourceTree = "<group>"; };
		340BB397299355BF00B336AA /* Assets.xcassets */ = {isa = PBXFileReference; lastKnownFileType = folder.assetcatalog; path = Assets.xcassets; sourceTree = "<group>"; };
		340BB39A299355BF00B336AA /* Preview Assets.xcassets */ = {isa = PBXFileReference; lastKnownFileType = folder.assetcatalog; path = "Preview Assets.xcassets"; sourceTree = "<group>"; };
		340BB3A5299355C000B336AA /* PickLotteryTests.xctest */ = {isa = PBXFileReference; explicitFileType = wrapper.cfbundle; includeInIndex = 0; path = PickLotteryTests.xctest; sourceTree = BUILT_PRODUCTS_DIR; };
		340BB3A9299355C000B336AA /* CreateLotteryViewModelTests.swift */ = {isa = PBXFileReference; lastKnownFileType = sourcecode.swift; path = CreateLotteryViewModelTests.swift; sourceTree = "<group>"; };
		340BB3AF299355C000B336AA /* PickLotteryUITests.xctest */ = {isa = PBXFileReference; explicitFileType = wrapper.cfbundle; includeInIndex = 0; path = PickLotteryUITests.xctest; sourceTree = BUILT_PRODUCTS_DIR; };
		340BB3B3299355C000B336AA /* PickLotteryUITests.swift */ = {isa = PBXFileReference; lastKnownFileType = sourcecode.swift; path = PickLotteryUITests.swift; sourceTree = "<group>"; };
		340BB3B5299355C000B336AA /* PickLotteryUITestsLaunchTests.swift */ = {isa = PBXFileReference; lastKnownFileType = sourcecode.swift; path = PickLotteryUITestsLaunchTests.swift; sourceTree = "<group>"; };
		34218A762A60FCB100CECADE /* JSONLoader.swift */ = {isa = PBXFileReference; lastKnownFileType = sourcecode.swift; path = JSONLoader.swift; sourceTree = "<group>"; };
		34218A782A60FD0500CECADE /* lotterySuggestions.json */ = {isa = PBXFileReference; lastKnownFileType = text.json; path = lotterySuggestions.json; sourceTree = "<group>"; };
		34218A7A2A6106B600CECADE /* LotterySuggestion.swift */ = {isa = PBXFileReference; lastKnownFileType = sourcecode.swift; path = LotterySuggestion.swift; sourceTree = "<group>"; };
		34240EB02A797DA000045260 /* pick-92276.mp3 */ = {isa = PBXFileReference; lastKnownFileType = audio.mp3; path = "pick-92276.mp3"; sourceTree = "<group>"; };
		342AD27E2A70CB8500C83544 /* LotteryDetailViewModelTests.swift */ = {isa = PBXFileReference; lastKnownFileType = sourcecode.swift; path = LotteryDetailViewModelTests.swift; sourceTree = "<group>"; };
		343D2CA129A05407006ECD38 /* LotteryListView.swift */ = {isa = PBXFileReference; lastKnownFileType = sourcecode.swift; path = LotteryListView.swift; sourceTree = "<group>"; };
		343D2CA329A05479006ECD38 /* Lottery.swift */ = {isa = PBXFileReference; lastKnownFileType = sourcecode.swift; path = Lottery.swift; sourceTree = "<group>"; };
		343D2CA529A056DE006ECD38 /* LotteryCellView.swift */ = {isa = PBXFileReference; lastKnownFileType = sourcecode.swift; path = LotteryCellView.swift; sourceTree = "<group>"; };
		3460F9DE29C2A28D00A40BD6 /* Color+Extensions.swift */ = {isa = PBXFileReference; lastKnownFileType = sourcecode.swift; path = "Color+Extensions.swift"; sourceTree = "<group>"; };
		3462932A29D6641300471C7A /* CreateEntryView.swift */ = {isa = PBXFileReference; lastKnownFileType = sourcecode.swift; path = CreateEntryView.swift; sourceTree = "<group>"; };
		3462932C29D664FA00471C7A /* CreateEntryViewModel.swift */ = {isa = PBXFileReference; lastKnownFileType = sourcecode.swift; path = CreateEntryViewModel.swift; sourceTree = "<group>"; };
		3462932E29D6658600471C7A /* RaffleAnimationView.swift */ = {isa = PBXFileReference; fileEncoding = 4; lastKnownFileType = sourcecode.swift; path = RaffleAnimationView.swift; sourceTree = "<group>"; };
		346C37CF299F0F2F000F993C /* LotteryEntriesView.swift */ = {isa = PBXFileReference; lastKnownFileType = sourcecode.swift; path = LotteryEntriesView.swift; sourceTree = "<group>"; };
		346C37D1299F0FB2000F993C /* LotteryEntryCell.swift */ = {isa = PBXFileReference; lastKnownFileType = sourcecode.swift; path = LotteryEntryCell.swift; sourceTree = "<group>"; };
		346FF1312A4AAEB2009C921D /* AddLotteryView.swift */ = {isa = PBXFileReference; lastKnownFileType = sourcecode.swift; path = AddLotteryView.swift; sourceTree = "<group>"; };
		347E753C29CA69A900C30392 /* LotteryDetailViewModel.swift */ = {isa = PBXFileReference; lastKnownFileType = sourcecode.swift; path = LotteryDetailViewModel.swift; sourceTree = "<group>"; };
		348EB98B29EB200B0043AFD7 /* LotteryIllustration.swift */ = {isa = PBXFileReference; lastKnownFileType = sourcecode.swift; path = LotteryIllustration.swift; sourceTree = "<group>"; };
		348EB98D29EB21200043AFD7 /* CreateLotteryViewModel.swift */ = {isa = PBXFileReference; lastKnownFileType = sourcecode.swift; path = CreateLotteryViewModel.swift; sourceTree = "<group>"; };
		3496368729A933D600CDEFB3 /* CreateLotteryView.swift */ = {isa = PBXFileReference; lastKnownFileType = sourcecode.swift; path = CreateLotteryView.swift; sourceTree = "<group>"; };
		34A6A1FA29E1DDFA00B9964D /* PrimaryButtonStyle.swift */ = {isa = PBXFileReference; lastKnownFileType = sourcecode.swift; path = PrimaryButtonStyle.swift; sourceTree = "<group>"; };
		34A6A1FC29E1DFF100B9964D /* PrimaryTextFieldStyle.swift */ = {isa = PBXFileReference; lastKnownFileType = sourcecode.swift; path = PrimaryTextFieldStyle.swift; sourceTree = "<group>"; };
		34C0F0A429BAC475009EBFC8 /* LotteryStore.swift */ = {isa = PBXFileReference; lastKnownFileType = sourcecode.swift; path = LotteryStore.swift; sourceTree = "<group>"; };
		34C0F0A729BAC555009EBFC8 /* Lottery.xcdatamodel */ = {isa = PBXFileReference; lastKnownFileType = wrapper.xcdatamodel; path = Lottery.xcdatamodel; sourceTree = "<group>"; };
		34C62A0929A822FF003D9B54 /* LotteryDetailView.swift */ = {isa = PBXFileReference; lastKnownFileType = sourcecode.swift; path = LotteryDetailView.swift; sourceTree = "<group>"; };
		34C62A0B29A827CD003D9B54 /* LotteryResultCellView.swift */ = {isa = PBXFileReference; lastKnownFileType = sourcecode.swift; path = LotteryResultCellView.swift; sourceTree = "<group>"; };
		34D182CD29F1F37D00B40E9A /* LotteryEntriesViewModel.swift */ = {isa = PBXFileReference; lastKnownFileType = sourcecode.swift; path = LotteryEntriesViewModel.swift; sourceTree = "<group>"; };
		34D967BD29BFE519006D2559 /* LotteryMO.swift */ = {isa = PBXFileReference; lastKnownFileType = sourcecode.swift; path = LotteryMO.swift; sourceTree = "<group>"; };
		34D967C129C018E2006D2559 /* LotteryEntryMO.swift */ = {isa = PBXFileReference; lastKnownFileType = sourcecode.swift; path = LotteryEntryMO.swift; sourceTree = "<group>"; };
		34D967C529C01905006D2559 /* LotteryResultMO.swift */ = {isa = PBXFileReference; lastKnownFileType = sourcecode.swift; path = LotteryResultMO.swift; sourceTree = "<group>"; };
		34E1C13A29EF87AB0033D41E /* LotteryStoreSpy.swift */ = {isa = PBXFileReference; lastKnownFileType = sourcecode.swift; path = LotteryStoreSpy.swift; sourceTree = "<group>"; };
		34F45F882A5E474200761903 /* LotterySuggestionsCellView.swift */ = {isa = PBXFileReference; lastKnownFileType = sourcecode.swift; path = LotterySuggestionsCellView.swift; sourceTree = "<group>"; };
		34F45F8A2A5E4A7800761903 /* AddLotteryViewModel.swift */ = {isa = PBXFileReference; lastKnownFileType = sourcecode.swift; path = AddLotteryViewModel.swift; sourceTree = "<group>"; };
		34F9ECC229F0B5250064E331 /* CreateEntryViewModelTests.swift */ = {isa = PBXFileReference; lastKnownFileType = sourcecode.swift; path = CreateEntryViewModelTests.swift; sourceTree = "<group>"; };
/* End PBXFileReference section */

/* Begin PBXFrameworksBuildPhase section */
		340BB38D299355BE00B336AA /* Frameworks */ = {
			isa = PBXFrameworksBuildPhase;
			buildActionMask = 2147483647;
			files = (
			);
			runOnlyForDeploymentPostprocessing = 0;
		};
		340BB3A2299355C000B336AA /* Frameworks */ = {
			isa = PBXFrameworksBuildPhase;
			buildActionMask = 2147483647;
			files = (
			);
			runOnlyForDeploymentPostprocessing = 0;
		};
		340BB3AC299355C000B336AA /* Frameworks */ = {
			isa = PBXFrameworksBuildPhase;
			buildActionMask = 2147483647;
			files = (
			);
			runOnlyForDeploymentPostprocessing = 0;
		};
/* End PBXFrameworksBuildPhase section */

/* Begin PBXGroup section */
		340BB387299355BE00B336AA = {
			isa = PBXGroup;
			children = (
				340BB392299355BE00B336AA /* PickLottery */,
				340BB3A8299355C000B336AA /* PickLotteryTests */,
				340BB3B2299355C000B336AA /* PickLotteryUITests */,
				340BB391299355BE00B336AA /* Products */,
			);
			sourceTree = "<group>";
		};
		340BB391299355BE00B336AA /* Products */ = {
			isa = PBXGroup;
			children = (
				340BB390299355BE00B336AA /* PickLottery.app */,
				340BB3A5299355C000B336AA /* PickLotteryTests.xctest */,
				340BB3AF299355C000B336AA /* PickLotteryUITests.xctest */,
			);
			name = Products;
			sourceTree = "<group>";
		};
		340BB392299355BE00B336AA /* PickLottery */ = {
			isa = PBXGroup;
			children = (
				34240EAF2A797D9200045260 /* Resources */,
				34A6A1F929E1DDCA00B9964D /* UIComponents */,
				3460F9DB29C2A22400A40BD6 /* Helpers */,
				34D967C929C01FB4006D2559 /* Persistence */,
				3462932829D6637F00471C7A /* Scenes */,
				340BB397299355BF00B336AA /* Assets.xcassets */,
				340BB393299355BE00B336AA /* PickLotteryApp.swift */,
				340BB399299355BF00B336AA /* Preview Content */,
			);
			path = PickLottery;
			sourceTree = "<group>";
		};
		340BB399299355BF00B336AA /* Preview Content */ = {
			isa = PBXGroup;
			children = (
				340BB39A299355BF00B336AA /* Preview Assets.xcassets */,
			);
			path = "Preview Content";
			sourceTree = "<group>";
		};
		340BB3A8299355C000B336AA /* PickLotteryTests */ = {
			isa = PBXGroup;
			children = (
				34E1C13929EF85820033D41E /* Scenes */,
				34E1C13A29EF87AB0033D41E /* LotteryStoreSpy.swift */,
			);
			path = PickLotteryTests;
			sourceTree = "<group>";
		};
		340BB3B2299355C000B336AA /* PickLotteryUITests */ = {
			isa = PBXGroup;
			children = (
				340BB3B3299355C000B336AA /* PickLotteryUITests.swift */,
				340BB3B5299355C000B336AA /* PickLotteryUITestsLaunchTests.swift */,
			);
			path = PickLotteryUITests;
			sourceTree = "<group>";
		};
		34240EAF2A797D9200045260 /* Resources */ = {
			isa = PBXGroup;
			children = (
				34218A782A60FD0500CECADE /* lotterySuggestions.json */,
				34240EB02A797DA000045260 /* pick-92276.mp3 */,
			);
			path = Resources;
			sourceTree = "<group>";
		};
		343D2CA029A053E9006ECD38 /* Loteries */ = {
			isa = PBXGroup;
			children = (
				343D2CA129A05407006ECD38 /* LotteryListView.swift */,
				343D2CA529A056DE006ECD38 /* LotteryCellView.swift */,
			);
			path = Loteries;
			sourceTree = "<group>";
		};
		3451C1FB29B19586002FBD38 /* RaffleAnimation */ = {
			isa = PBXGroup;
			children = (
				3462932E29D6658600471C7A /* RaffleAnimationView.swift */,
			);
			path = RaffleAnimation;
			sourceTree = "<group>";
		};
		3460F9DB29C2A22400A40BD6 /* Helpers */ = {
			isa = PBXGroup;
			children = (
				3460F9DE29C2A28D00A40BD6 /* Color+Extensions.swift */,
				34218A762A60FCB100CECADE /* JSONLoader.swift */,
			);
			path = Helpers;
			sourceTree = "<group>";
		};
		3460F9DC29C2A23000A40BD6 /* ManagedObjects */ = {
			isa = PBXGroup;
			children = (
				34D967C529C01905006D2559 /* LotteryResultMO.swift */,
				34D967C129C018E2006D2559 /* LotteryEntryMO.swift */,
				34D967BD29BFE519006D2559 /* LotteryMO.swift */,
			);
			path = ManagedObjects;
			sourceTree = "<group>";
		};
		3460F9DD29C2A24B00A40BD6 /* Domain */ = {
			isa = PBXGroup;
			children = (
				343D2CA329A05479006ECD38 /* Lottery.swift */,
				34218A7A2A6106B600CECADE /* LotterySuggestion.swift */,
				348EB98B29EB200B0043AFD7 /* LotteryIllustration.swift */,
			);
			path = Domain;
			sourceTree = "<group>";
		};
		3462932829D6637F00471C7A /* Scenes */ = {
			isa = PBXGroup;
			children = (
				343D2CA029A053E9006ECD38 /* Loteries */,
				346FF1302A4AAE2F009C921D /* AddLottery */,
				3496368629A933AE00CDEFB3 /* CreateLottery */,
				3462932929D6640300471C7A /* CreateEntry */,
				346C37CB299F0DA9000F993C /* LotteryDetail */,
				34C62A0829A82269003D9B54 /* Entries */,
			);
			path = Scenes;
			sourceTree = "<group>";
		};
		3462932929D6640300471C7A /* CreateEntry */ = {
			isa = PBXGroup;
			children = (
				3462932A29D6641300471C7A /* CreateEntryView.swift */,
				3462932C29D664FA00471C7A /* CreateEntryViewModel.swift */,
			);
			path = CreateEntry;
			sourceTree = "<group>";
		};
		346C37CB299F0DA9000F993C /* LotteryDetail */ = {
			isa = PBXGroup;
			children = (
				3451C1FB29B19586002FBD38 /* RaffleAnimation */,
				34C62A0929A822FF003D9B54 /* LotteryDetailView.swift */,
				347E753C29CA69A900C30392 /* LotteryDetailViewModel.swift */,
				34C62A0B29A827CD003D9B54 /* LotteryResultCellView.swift */,
			);
			path = LotteryDetail;
			sourceTree = "<group>";
		};
		346FF1302A4AAE2F009C921D /* AddLottery */ = {
			isa = PBXGroup;
			children = (
				346FF1312A4AAEB2009C921D /* AddLotteryView.swift */,
				34F45F8A2A5E4A7800761903 /* AddLotteryViewModel.swift */,
				34F45F882A5E474200761903 /* LotterySuggestionsCellView.swift */,
			);
			path = AddLottery;
			sourceTree = "<group>";
		};
		3496368629A933AE00CDEFB3 /* CreateLottery */ = {
			isa = PBXGroup;
			children = (
				3496368729A933D600CDEFB3 /* CreateLotteryView.swift */,
				348EB98D29EB21200043AFD7 /* CreateLotteryViewModel.swift */,
			);
			path = CreateLottery;
			sourceTree = "<group>";
		};
		34A6A1F929E1DDCA00B9964D /* UIComponents */ = {
			isa = PBXGroup;
			children = (
				34A6A1FA29E1DDFA00B9964D /* PrimaryButtonStyle.swift */,
				34A6A1FC29E1DFF100B9964D /* PrimaryTextFieldStyle.swift */,
			);
			path = UIComponents;
			sourceTree = "<group>";
		};
		34C62A0829A82269003D9B54 /* Entries */ = {
			isa = PBXGroup;
			children = (
				346C37CF299F0F2F000F993C /* LotteryEntriesView.swift */,
				34D182CD29F1F37D00B40E9A /* LotteryEntriesViewModel.swift */,
				346C37D1299F0FB2000F993C /* LotteryEntryCell.swift */,
			);
			path = Entries;
			sourceTree = "<group>";
		};
		34D967C929C01FB4006D2559 /* Persistence */ = {
			isa = PBXGroup;
			children = (
				34C0F0A629BAC555009EBFC8 /* LotteryDataModel.xcdatamodeld */,
				34C0F0A429BAC475009EBFC8 /* LotteryStore.swift */,
				3460F9DD29C2A24B00A40BD6 /* Domain */,
				3460F9DC29C2A23000A40BD6 /* ManagedObjects */,
			);
			path = Persistence;
			sourceTree = "<group>";
		};
		34E1C13929EF85820033D41E /* Scenes */ = {
			isa = PBXGroup;
			children = (
				340BB3A9299355C000B336AA /* CreateLotteryViewModelTests.swift */,
				34F9ECC229F0B5250064E331 /* CreateEntryViewModelTests.swift */,
				342AD27E2A70CB8500C83544 /* LotteryDetailViewModelTests.swift */,
			);
			path = Scenes;
			sourceTree = "<group>";
		};
/* End PBXGroup section */

/* Begin PBXNativeTarget section */
		340BB38F299355BE00B336AA /* PickLottery */ = {
			isa = PBXNativeTarget;
			buildConfigurationList = 340BB3B9299355C000B336AA /* Build configuration list for PBXNativeTarget "PickLottery" */;
			buildPhases = (
				340BB38C299355BE00B336AA /* Sources */,
				340BB38D299355BE00B336AA /* Frameworks */,
				340BB38E299355BE00B336AA /* Resources */,
			);
			buildRules = (
			);
			dependencies = (
			);
			name = PickLottery;
			productName = PickLottery;
			productReference = 340BB390299355BE00B336AA /* PickLottery.app */;
			productType = "com.apple.product-type.application";
		};
		340BB3A4299355C000B336AA /* PickLotteryTests */ = {
			isa = PBXNativeTarget;
			buildConfigurationList = 340BB3BC299355C000B336AA /* Build configuration list for PBXNativeTarget "PickLotteryTests" */;
			buildPhases = (
				340BB3A1299355C000B336AA /* Sources */,
				340BB3A2299355C000B336AA /* Frameworks */,
				340BB3A3299355C000B336AA /* Resources */,
			);
			buildRules = (
			);
			dependencies = (
				340BB3A7299355C000B336AA /* PBXTargetDependency */,
			);
			name = PickLotteryTests;
			productName = PickLotteryTests;
			productReference = 340BB3A5299355C000B336AA /* PickLotteryTests.xctest */;
			productType = "com.apple.product-type.bundle.unit-test";
		};
		340BB3AE299355C000B336AA /* PickLotteryUITests */ = {
			isa = PBXNativeTarget;
			buildConfigurationList = 340BB3BF299355C000B336AA /* Build configuration list for PBXNativeTarget "PickLotteryUITests" */;
			buildPhases = (
				340BB3AB299355C000B336AA /* Sources */,
				340BB3AC299355C000B336AA /* Frameworks */,
				340BB3AD299355C000B336AA /* Resources */,
			);
			buildRules = (
			);
			dependencies = (
				340BB3B1299355C000B336AA /* PBXTargetDependency */,
			);
			name = PickLotteryUITests;
			productName = PickLotteryUITests;
			productReference = 340BB3AF299355C000B336AA /* PickLotteryUITests.xctest */;
			productType = "com.apple.product-type.bundle.ui-testing";
		};
/* End PBXNativeTarget section */

/* Begin PBXProject section */
		340BB388299355BE00B336AA /* Project object */ = {
			isa = PBXProject;
			attributes = {
				BuildIndependentTargetsInParallel = 1;
				LastSwiftUpdateCheck = 1420;
				LastUpgradeCheck = 1420;
				TargetAttributes = {
					340BB38F299355BE00B336AA = {
						CreatedOnToolsVersion = 14.2;
					};
					340BB3A4299355C000B336AA = {
						CreatedOnToolsVersion = 14.2;
						TestTargetID = 340BB38F299355BE00B336AA;
					};
					340BB3AE299355C000B336AA = {
						CreatedOnToolsVersion = 14.2;
						TestTargetID = 340BB38F299355BE00B336AA;
					};
				};
			};
			buildConfigurationList = 340BB38B299355BE00B336AA /* Build configuration list for PBXProject "PickLottery" */;
			compatibilityVersion = "Xcode 14.0";
			developmentRegion = en;
			hasScannedForEncodings = 0;
			knownRegions = (
				en,
				Base,
			);
			mainGroup = 340BB387299355BE00B336AA;
			packageReferences = (
			);
			productRefGroup = 340BB391299355BE00B336AA /* Products */;
			projectDirPath = "";
			projectRoot = "";
			targets = (
				340BB38F299355BE00B336AA /* PickLottery */,
				340BB3A4299355C000B336AA /* PickLotteryTests */,
				340BB3AE299355C000B336AA /* PickLotteryUITests */,
			);
		};
/* End PBXProject section */

/* Begin PBXResourcesBuildPhase section */
		340BB38E299355BE00B336AA /* Resources */ = {
			isa = PBXResourcesBuildPhase;
			buildActionMask = 2147483647;
			files = (
				340BB39B299355BF00B336AA /* Preview Assets.xcassets in Resources */,
				34218A792A60FD0500CECADE /* lotterySuggestions.json in Resources */,
				34240EB12A797DA000045260 /* pick-92276.mp3 in Resources */,
				340BB398299355BF00B336AA /* Assets.xcassets in Resources */,
			);
			runOnlyForDeploymentPostprocessing = 0;
		};
		340BB3A3299355C000B336AA /* Resources */ = {
			isa = PBXResourcesBuildPhase;
			buildActionMask = 2147483647;
			files = (
			);
			runOnlyForDeploymentPostprocessing = 0;
		};
		340BB3AD299355C000B336AA /* Resources */ = {
			isa = PBXResourcesBuildPhase;
			buildActionMask = 2147483647;
			files = (
			);
			runOnlyForDeploymentPostprocessing = 0;
		};
/* End PBXResourcesBuildPhase section */

/* Begin PBXSourcesBuildPhase section */
		340BB38C299355BE00B336AA /* Sources */ = {
			isa = PBXSourcesBuildPhase;
			buildActionMask = 2147483647;
			files = (
				34218A7B2A6106B600CECADE /* LotterySuggestion.swift in Sources */,
				34C62A0A29A822FF003D9B54 /* LotteryDetailView.swift in Sources */,
				34C0F0A529BAC475009EBFC8 /* LotteryStore.swift in Sources */,
				348EB98E29EB21200043AFD7 /* CreateLotteryViewModel.swift in Sources */,
				34D967BF29BFE519006D2559 /* LotteryMO.swift in Sources */,
				3496368829A933D600CDEFB3 /* CreateLotteryView.swift in Sources */,
				34C62A0C29A827CD003D9B54 /* LotteryResultCellView.swift in Sources */,
				34C0F0A829BAC555009EBFC8 /* LotteryDataModel.xcdatamodeld in Sources */,
				34D967C729C01905006D2559 /* LotteryResultMO.swift in Sources */,
				34A6A1FB29E1DDFA00B9964D /* PrimaryButtonStyle.swift in Sources */,
				34D182CE29F1F37D00B40E9A /* LotteryEntriesViewModel.swift in Sources */,
				3462932F29D6658600471C7A /* RaffleAnimationView.swift in Sources */,
				343D2CA429A05479006ECD38 /* Lottery.swift in Sources */,
				3462932B29D6641300471C7A /* CreateEntryView.swift in Sources */,
				34D967C329C018E2006D2559 /* LotteryEntryMO.swift in Sources */,
				3462932D29D664FA00471C7A /* CreateEntryViewModel.swift in Sources */,
				343D2CA629A056DE006ECD38 /* LotteryCellView.swift in Sources */,
				343D2CA229A05407006ECD38 /* LotteryListView.swift in Sources */,
				340BB394299355BE00B336AA /* PickLotteryApp.swift in Sources */,
				34F45F8B2A5E4A7800761903 /* AddLotteryViewModel.swift in Sources */,
				3460F9DF29C2A28D00A40BD6 /* Color+Extensions.swift in Sources */,
				34218A772A60FCB100CECADE /* JSONLoader.swift in Sources */,
				346C37D2299F0FB2000F993C /* LotteryEntryCell.swift in Sources */,
				34F45F892A5E474200761903 /* LotterySuggestionsCellView.swift in Sources */,
				346C37D0299F0F2F000F993C /* LotteryEntriesView.swift in Sources */,
				347E753D29CA69A900C30392 /* LotteryDetailViewModel.swift in Sources */,
				346FF1322A4AAEB2009C921D /* AddLotteryView.swift in Sources */,
				348EB98C29EB200B0043AFD7 /* LotteryIllustration.swift in Sources */,
				34A6A1FD29E1DFF100B9964D /* PrimaryTextFieldStyle.swift in Sources */,
			);
			runOnlyForDeploymentPostprocessing = 0;
		};
		340BB3A1299355C000B336AA /* Sources */ = {
			isa = PBXSourcesBuildPhase;
			buildActionMask = 2147483647;
			files = (
				34E1C13B29EF87AB0033D41E /* LotteryStoreSpy.swift in Sources */,
				340BB3AA299355C000B336AA /* CreateLotteryViewModelTests.swift in Sources */,
				34F9ECC329F0B5250064E331 /* CreateEntryViewModelTests.swift in Sources */,
				342AD27F2A70CB8500C83544 /* LotteryDetailViewModelTests.swift in Sources */,
			);
			runOnlyForDeploymentPostprocessing = 0;
		};
		340BB3AB299355C000B336AA /* Sources */ = {
			isa = PBXSourcesBuildPhase;
			buildActionMask = 2147483647;
			files = (
				340BB3B4299355C000B336AA /* PickLotteryUITests.swift in Sources */,
				340BB3B6299355C000B336AA /* PickLotteryUITestsLaunchTests.swift in Sources */,
			);
			runOnlyForDeploymentPostprocessing = 0;
		};
/* End PBXSourcesBuildPhase section */

/* Begin PBXTargetDependency section */
		340BB3A7299355C000B336AA /* PBXTargetDependency */ = {
			isa = PBXTargetDependency;
			target = 340BB38F299355BE00B336AA /* PickLottery */;
			targetProxy = 340BB3A6299355C000B336AA /* PBXContainerItemProxy */;
		};
		340BB3B1299355C000B336AA /* PBXTargetDependency */ = {
			isa = PBXTargetDependency;
			target = 340BB38F299355BE00B336AA /* PickLottery */;
			targetProxy = 340BB3B0299355C000B336AA /* PBXContainerItemProxy */;
		};
/* End PBXTargetDependency section */

/* Begin XCBuildConfiguration section */
		340BB3B7299355C000B336AA /* Debug */ = {
			isa = XCBuildConfiguration;
			buildSettings = {
				ALWAYS_SEARCH_USER_PATHS = NO;
				CLANG_ANALYZER_NONNULL = YES;
				CLANG_ANALYZER_NUMBER_OBJECT_CONVERSION = YES_AGGRESSIVE;
				CLANG_CXX_LANGUAGE_STANDARD = "gnu++20";
				CLANG_ENABLE_MODULES = YES;
				CLANG_ENABLE_OBJC_ARC = YES;
				CLANG_ENABLE_OBJC_WEAK = YES;
				CLANG_WARN_BLOCK_CAPTURE_AUTORELEASING = YES;
				CLANG_WARN_BOOL_CONVERSION = YES;
				CLANG_WARN_COMMA = YES;
				CLANG_WARN_CONSTANT_CONVERSION = YES;
				CLANG_WARN_DEPRECATED_OBJC_IMPLEMENTATIONS = YES;
				CLANG_WARN_DIRECT_OBJC_ISA_USAGE = YES_ERROR;
				CLANG_WARN_DOCUMENTATION_COMMENTS = YES;
				CLANG_WARN_EMPTY_BODY = YES;
				CLANG_WARN_ENUM_CONVERSION = YES;
				CLANG_WARN_INFINITE_RECURSION = YES;
				CLANG_WARN_INT_CONVERSION = YES;
				CLANG_WARN_NON_LITERAL_NULL_CONVERSION = YES;
				CLANG_WARN_OBJC_IMPLICIT_RETAIN_SELF = YES;
				CLANG_WARN_OBJC_LITERAL_CONVERSION = YES;
				CLANG_WARN_OBJC_ROOT_CLASS = YES_ERROR;
				CLANG_WARN_QUOTED_INCLUDE_IN_FRAMEWORK_HEADER = YES;
				CLANG_WARN_RANGE_LOOP_ANALYSIS = YES;
				CLANG_WARN_STRICT_PROTOTYPES = YES;
				CLANG_WARN_SUSPICIOUS_MOVE = YES;
				CLANG_WARN_UNGUARDED_AVAILABILITY = YES_AGGRESSIVE;
				CLANG_WARN_UNREACHABLE_CODE = YES;
				CLANG_WARN__DUPLICATE_METHOD_MATCH = YES;
				COPY_PHASE_STRIP = NO;
				DEBUG_INFORMATION_FORMAT = dwarf;
				ENABLE_STRICT_OBJC_MSGSEND = YES;
				ENABLE_TESTABILITY = YES;
				GCC_C_LANGUAGE_STANDARD = gnu11;
				GCC_DYNAMIC_NO_PIC = NO;
				GCC_NO_COMMON_BLOCKS = YES;
				GCC_OPTIMIZATION_LEVEL = 0;
				GCC_PREPROCESSOR_DEFINITIONS = (
					"DEBUG=1",
					"$(inherited)",
				);
				GCC_WARN_64_TO_32_BIT_CONVERSION = YES;
				GCC_WARN_ABOUT_RETURN_TYPE = YES_ERROR;
				GCC_WARN_UNDECLARED_SELECTOR = YES;
				GCC_WARN_UNINITIALIZED_AUTOS = YES_AGGRESSIVE;
				GCC_WARN_UNUSED_FUNCTION = YES;
				GCC_WARN_UNUSED_VARIABLE = YES;
				IPHONEOS_DEPLOYMENT_TARGET = 16.0;
				MTL_ENABLE_DEBUG_INFO = INCLUDE_SOURCE;
				MTL_FAST_MATH = YES;
				ONLY_ACTIVE_ARCH = YES;
				SDKROOT = iphoneos;
				SWIFT_ACTIVE_COMPILATION_CONDITIONS = DEBUG;
				SWIFT_OPTIMIZATION_LEVEL = "-Onone";
			};
			name = Debug;
		};
		340BB3B8299355C000B336AA /* Release */ = {
			isa = XCBuildConfiguration;
			buildSettings = {
				ALWAYS_SEARCH_USER_PATHS = NO;
				CLANG_ANALYZER_NONNULL = YES;
				CLANG_ANALYZER_NUMBER_OBJECT_CONVERSION = YES_AGGRESSIVE;
				CLANG_CXX_LANGUAGE_STANDARD = "gnu++20";
				CLANG_ENABLE_MODULES = YES;
				CLANG_ENABLE_OBJC_ARC = YES;
				CLANG_ENABLE_OBJC_WEAK = YES;
				CLANG_WARN_BLOCK_CAPTURE_AUTORELEASING = YES;
				CLANG_WARN_BOOL_CONVERSION = YES;
				CLANG_WARN_COMMA = YES;
				CLANG_WARN_CONSTANT_CONVERSION = YES;
				CLANG_WARN_DEPRECATED_OBJC_IMPLEMENTATIONS = YES;
				CLANG_WARN_DIRECT_OBJC_ISA_USAGE = YES_ERROR;
				CLANG_WARN_DOCUMENTATION_COMMENTS = YES;
				CLANG_WARN_EMPTY_BODY = YES;
				CLANG_WARN_ENUM_CONVERSION = YES;
				CLANG_WARN_INFINITE_RECURSION = YES;
				CLANG_WARN_INT_CONVERSION = YES;
				CLANG_WARN_NON_LITERAL_NULL_CONVERSION = YES;
				CLANG_WARN_OBJC_IMPLICIT_RETAIN_SELF = YES;
				CLANG_WARN_OBJC_LITERAL_CONVERSION = YES;
				CLANG_WARN_OBJC_ROOT_CLASS = YES_ERROR;
				CLANG_WARN_QUOTED_INCLUDE_IN_FRAMEWORK_HEADER = YES;
				CLANG_WARN_RANGE_LOOP_ANALYSIS = YES;
				CLANG_WARN_STRICT_PROTOTYPES = YES;
				CLANG_WARN_SUSPICIOUS_MOVE = YES;
				CLANG_WARN_UNGUARDED_AVAILABILITY = YES_AGGRESSIVE;
				CLANG_WARN_UNREACHABLE_CODE = YES;
				CLANG_WARN__DUPLICATE_METHOD_MATCH = YES;
				COPY_PHASE_STRIP = NO;
				DEBUG_INFORMATION_FORMAT = "dwarf-with-dsym";
				ENABLE_NS_ASSERTIONS = NO;
				ENABLE_STRICT_OBJC_MSGSEND = YES;
				GCC_C_LANGUAGE_STANDARD = gnu11;
				GCC_NO_COMMON_BLOCKS = YES;
				GCC_WARN_64_TO_32_BIT_CONVERSION = YES;
				GCC_WARN_ABOUT_RETURN_TYPE = YES_ERROR;
				GCC_WARN_UNDECLARED_SELECTOR = YES;
				GCC_WARN_UNINITIALIZED_AUTOS = YES_AGGRESSIVE;
				GCC_WARN_UNUSED_FUNCTION = YES;
				GCC_WARN_UNUSED_VARIABLE = YES;
				IPHONEOS_DEPLOYMENT_TARGET = 16.0;
				MTL_ENABLE_DEBUG_INFO = NO;
				MTL_FAST_MATH = YES;
				SDKROOT = iphoneos;
				SWIFT_COMPILATION_MODE = wholemodule;
				SWIFT_OPTIMIZATION_LEVEL = "-O";
				VALIDATE_PRODUCT = YES;
			};
			name = Release;
		};
		340BB3BA299355C000B336AA /* Debug */ = {
			isa = XCBuildConfiguration;
			buildSettings = {
				ASSETCATALOG_COMPILER_APPICON_NAME = AppIcon;
				ASSETCATALOG_COMPILER_GLOBAL_ACCENT_COLOR_NAME = AccentColor;
				CODE_SIGN_STYLE = Automatic;
				CURRENT_PROJECT_VERSION = 1;
				DEVELOPMENT_ASSET_PATHS = "\"PickLottery/Preview Content\"";
				DEVELOPMENT_TEAM = AJQACMRS4Q;
				ENABLE_PREVIEWS = YES;
				GENERATE_INFOPLIST_FILE = YES;
				INFOPLIST_KEY_UIApplicationSceneManifest_Generation = YES;
				INFOPLIST_KEY_UIApplicationSupportsIndirectInputEvents = YES;
				INFOPLIST_KEY_UILaunchScreen_Generation = YES;
				INFOPLIST_KEY_UISupportedInterfaceOrientations_iPad = "UIInterfaceOrientationPortrait UIInterfaceOrientationPortraitUpsideDown UIInterfaceOrientationLandscapeLeft UIInterfaceOrientationLandscapeRight";
				INFOPLIST_KEY_UISupportedInterfaceOrientations_iPhone = "UIInterfaceOrientationPortrait UIInterfaceOrientationLandscapeLeft UIInterfaceOrientationLandscapeRight";
				LD_RUNPATH_SEARCH_PATHS = (
					"$(inherited)",
					"@executable_path/Frameworks",
				);
				MARKETING_VERSION = 1.0;
				PRODUCT_BUNDLE_IDENTIFIER = edu.PickLottery;
				PRODUCT_NAME = "$(TARGET_NAME)";
				SUPPORTED_PLATFORMS = "iphoneos iphonesimulator";
				SUPPORTS_MACCATALYST = NO;
				SUPPORTS_MAC_DESIGNED_FOR_IPHONE_IPAD = NO;
				SWIFT_EMIT_LOC_STRINGS = YES;
				SWIFT_VERSION = 5.0;
				TARGETED_DEVICE_FAMILY = 1;
			};
			name = Debug;
		};
		340BB3BB299355C000B336AA /* Release */ = {
			isa = XCBuildConfiguration;
			buildSettings = {
				ASSETCATALOG_COMPILER_APPICON_NAME = AppIcon;
				ASSETCATALOG_COMPILER_GLOBAL_ACCENT_COLOR_NAME = AccentColor;
				CODE_SIGN_STYLE = Automatic;
				CURRENT_PROJECT_VERSION = 1;
				DEVELOPMENT_ASSET_PATHS = "\"PickLottery/Preview Content\"";
				DEVELOPMENT_TEAM = AJQACMRS4Q;
				ENABLE_PREVIEWS = YES;
				GENERATE_INFOPLIST_FILE = YES;
				INFOPLIST_KEY_UIApplicationSceneManifest_Generation = YES;
				INFOPLIST_KEY_UIApplicationSupportsIndirectInputEvents = YES;
				INFOPLIST_KEY_UILaunchScreen_Generation = YES;
				INFOPLIST_KEY_UISupportedInterfaceOrientations_iPad = "UIInterfaceOrientationPortrait UIInterfaceOrientationPortraitUpsideDown UIInterfaceOrientationLandscapeLeft UIInterfaceOrientationLandscapeRight";
				INFOPLIST_KEY_UISupportedInterfaceOrientations_iPhone = "UIInterfaceOrientationPortrait UIInterfaceOrientationLandscapeLeft UIInterfaceOrientationLandscapeRight";
				LD_RUNPATH_SEARCH_PATHS = (
					"$(inherited)",
					"@executable_path/Frameworks",
				);
				MARKETING_VERSION = 1.0;
				PRODUCT_BUNDLE_IDENTIFIER = edu.PickLottery;
				PRODUCT_NAME = "$(TARGET_NAME)";
				SUPPORTED_PLATFORMS = "iphoneos iphonesimulator";
				SUPPORTS_MACCATALYST = NO;
				SUPPORTS_MAC_DESIGNED_FOR_IPHONE_IPAD = NO;
				SWIFT_EMIT_LOC_STRINGS = YES;
				SWIFT_VERSION = 5.0;
				TARGETED_DEVICE_FAMILY = 1;
			};
			name = Release;
		};
		340BB3BD299355C000B336AA /* Debug */ = {
			isa = XCBuildConfiguration;
			buildSettings = {
				ALWAYS_EMBED_SWIFT_STANDARD_LIBRARIES = YES;
				BUNDLE_LOADER = "$(TEST_HOST)";
				CODE_SIGN_STYLE = Automatic;
				CURRENT_PROJECT_VERSION = 1;
				DEVELOPMENT_TEAM = AJQACMRS4Q;
				GENERATE_INFOPLIST_FILE = YES;
				IPHONEOS_DEPLOYMENT_TARGET = 16.2;
				MARKETING_VERSION = 1.0;
				PRODUCT_BUNDLE_IDENTIFIER = edu.PickLotteryTests;
				PRODUCT_NAME = "$(TARGET_NAME)";
				SWIFT_EMIT_LOC_STRINGS = NO;
				SWIFT_VERSION = 5.0;
				TARGETED_DEVICE_FAMILY = "1,2";
				TEST_HOST = "$(BUILT_PRODUCTS_DIR)/PickLottery.app/$(BUNDLE_EXECUTABLE_FOLDER_PATH)/PickLottery";
			};
			name = Debug;
		};
		340BB3BE299355C000B336AA /* Release */ = {
			isa = XCBuildConfiguration;
			buildSettings = {
				ALWAYS_EMBED_SWIFT_STANDARD_LIBRARIES = YES;
				BUNDLE_LOADER = "$(TEST_HOST)";
				CODE_SIGN_STYLE = Automatic;
				CURRENT_PROJECT_VERSION = 1;
				DEVELOPMENT_TEAM = AJQACMRS4Q;
				GENERATE_INFOPLIST_FILE = YES;
				IPHONEOS_DEPLOYMENT_TARGET = 16.2;
				MARKETING_VERSION = 1.0;
				PRODUCT_BUNDLE_IDENTIFIER = edu.PickLotteryTests;
				PRODUCT_NAME = "$(TARGET_NAME)";
				SWIFT_EMIT_LOC_STRINGS = NO;
				SWIFT_VERSION = 5.0;
				TARGETED_DEVICE_FAMILY = "1,2";
				TEST_HOST = "$(BUILT_PRODUCTS_DIR)/PickLottery.app/$(BUNDLE_EXECUTABLE_FOLDER_PATH)/PickLottery";
			};
			name = Release;
		};
		340BB3C0299355C000B336AA /* Debug */ = {
			isa = XCBuildConfiguration;
			buildSettings = {
				ALWAYS_EMBED_SWIFT_STANDARD_LIBRARIES = YES;
				CODE_SIGN_STYLE = Automatic;
				CURRENT_PROJECT_VERSION = 1;
				DEVELOPMENT_TEAM = AJQACMRS4Q;
				GENERATE_INFOPLIST_FILE = YES;
				MARKETING_VERSION = 1.0;
				PRODUCT_BUNDLE_IDENTIFIER = edu.PickLotteryUITests;
				PRODUCT_NAME = "$(TARGET_NAME)";
				SWIFT_EMIT_LOC_STRINGS = NO;
				SWIFT_VERSION = 5.0;
				TARGETED_DEVICE_FAMILY = "1,2";
				TEST_TARGET_NAME = PickLottery;
			};
			name = Debug;
		};
		340BB3C1299355C000B336AA /* Release */ = {
			isa = XCBuildConfiguration;
			buildSettings = {
				ALWAYS_EMBED_SWIFT_STANDARD_LIBRARIES = YES;
				CODE_SIGN_STYLE = Automatic;
				CURRENT_PROJECT_VERSION = 1;
				DEVELOPMENT_TEAM = AJQACMRS4Q;
				GENERATE_INFOPLIST_FILE = YES;
				MARKETING_VERSION = 1.0;
				PRODUCT_BUNDLE_IDENTIFIER = edu.PickLotteryUITests;
				PRODUCT_NAME = "$(TARGET_NAME)";
				SWIFT_EMIT_LOC_STRINGS = NO;
				SWIFT_VERSION = 5.0;
				TARGETED_DEVICE_FAMILY = "1,2";
				TEST_TARGET_NAME = PickLottery;
			};
			name = Release;
		};
/* End XCBuildConfiguration section */

/* Begin XCConfigurationList section */
		340BB38B299355BE00B336AA /* Build configuration list for PBXProject "PickLottery" */ = {
			isa = XCConfigurationList;
			buildConfigurations = (
				340BB3B7299355C000B336AA /* Debug */,
				340BB3B8299355C000B336AA /* Release */,
			);
			defaultConfigurationIsVisible = 0;
			defaultConfigurationName = Release;
		};
		340BB3B9299355C000B336AA /* Build configuration list for PBXNativeTarget "PickLottery" */ = {
			isa = XCConfigurationList;
			buildConfigurations = (
				340BB3BA299355C000B336AA /* Debug */,
				340BB3BB299355C000B336AA /* Release */,
			);
			defaultConfigurationIsVisible = 0;
			defaultConfigurationName = Release;
		};
		340BB3BC299355C000B336AA /* Build configuration list for PBXNativeTarget "PickLotteryTests" */ = {
			isa = XCConfigurationList;
			buildConfigurations = (
				340BB3BD299355C000B336AA /* Debug */,
				340BB3BE299355C000B336AA /* Release */,
			);
			defaultConfigurationIsVisible = 0;
			defaultConfigurationName = Release;
		};
		340BB3BF299355C000B336AA /* Build configuration list for PBXNativeTarget "PickLotteryUITests" */ = {
			isa = XCConfigurationList;
			buildConfigurations = (
				340BB3C0299355C000B336AA /* Debug */,
				340BB3C1299355C000B336AA /* Release */,
			);
			defaultConfigurationIsVisible = 0;
			defaultConfigurationName = Release;
		};
/* End XCConfigurationList section */

/* Begin XCVersionGroup section */
		34C0F0A629BAC555009EBFC8 /* LotteryDataModel.xcdatamodeld */ = {
			isa = XCVersionGroup;
			children = (
				34C0F0A729BAC555009EBFC8 /* Lottery.xcdatamodel */,
			);
			currentVersion = 34C0F0A729BAC555009EBFC8 /* Lottery.xcdatamodel */;
			path = LotteryDataModel.xcdatamodeld;
			sourceTree = "<group>";
			versionGroupType = wrapper.xcdatamodel;
		};
/* End XCVersionGroup section */
	};
	rootObject = 340BB388299355BE00B336AA /* Project object */;
}
